// !$*UTF8*$!
{
	archiveVersion = 1;
	classes = {
	};
	objectVersion = 46;
	objects = {

/* Begin PBXBuildFile section */
		08057A6C1E9B235900F1B9B6 /* 01.jpeg in Resources */ = {isa = PBXBuildFile; fileRef = 08057A6B1E9B235900F1B9B6 /* 01.jpeg */; };
		08057A6F1E9B28C700F1B9B6 /* HomeViewController.m in Sources */ = {isa = PBXBuildFile; fileRef = 08057A6E1E9B28C700F1B9B6 /* HomeViewController.m */; };
		08057A721E9B2C6B00F1B9B6 /* SecondViewController.m in Sources */ = {isa = PBXBuildFile; fileRef = 08057A711E9B2C6B00F1B9B6 /* SecondViewController.m */; };
		08057A751E9B2CC700F1B9B6 /* SecondContentView.m in Sources */ = {isa = PBXBuildFile; fileRef = 08057A741E9B2CC700F1B9B6 /* SecondContentView.m */; };
		08C1DA7D1E9B145200820381 /* AppDelegate.m in Sources */ = {isa = PBXBuildFile; fileRef = 08C1DA7C1E9B145200820381 /* AppDelegate.m */; };
		08C1DA931E9B145300820381 /* GradualEffectTransitionAnimationDemoTests.m in Sources */ = {isa = PBXBuildFile; fileRef = 08C1DA921E9B145300820381 /* GradualEffectTransitionAnimationDemoTests.m */; };
		08C1DA9E1E9B145300820381 /* GradualEffectTransitionAnimationDemoUITests.m in Sources */ = {isa = PBXBuildFile; fileRef = 08C1DA9D1E9B145300820381 /* GradualEffectTransitionAnimationDemoUITests.m */; };
		08C1DACF1E9B15EB00820381 /* CommonViewController.m in Sources */ = {isa = PBXBuildFile; fileRef = 08C1DAB81E9B15EB00820381 /* CommonViewController.m */; };
		08C1DAD01E9B15EB00820381 /* AutoLayoutObject.m in Sources */ = {isa = PBXBuildFile; fileRef = 08C1DABD1E9B15EB00820381 /* AutoLayoutObject.m */; };
		08C1DAD11E9B15EB00820381 /* UIView+AutoLayoutAttribute.m in Sources */ = {isa = PBXBuildFile; fileRef = 08C1DABF1E9B15EB00820381 /* UIView+AutoLayoutAttribute.m */; };
		08C1DAD31E9B15EB00820381 /* Assets.xcassets in Resources */ = {isa = PBXBuildFile; fileRef = 08C1DAC51E9B15EB00820381 /* Assets.xcassets */; };
		08C1DAD41E9B15EB00820381 /* LaunchScreen.storyboard in Resources */ = {isa = PBXBuildFile; fileRef = 08C1DAC61E9B15EB00820381 /* LaunchScreen.storyboard */; };
		08C1DAD51E9B15EB00820381 /* Main.storyboard in Resources */ = {isa = PBXBuildFile; fileRef = 08C1DAC81E9B15EB00820381 /* Main.storyboard */; };
		08C1DAD61E9B15EB00820381 /* Info.plist in Resources */ = {isa = PBXBuildFile; fileRef = 08C1DACA1E9B15EB00820381 /* Info.plist */; };
		08C1DAD71E9B15EB00820381 /* main.m in Sources */ = {isa = PBXBuildFile; fileRef = 08C1DACB1E9B15EB00820381 /* main.m */; };
		08C1DAE11E9B1C3900820381 /* CustomTransitionViewController.m in Sources */ = {isa = PBXBuildFile; fileRef = 08C1DAE01E9B1C3900820381 /* CustomTransitionViewController.m */; };
		08C1DAE41E9B1C6B00820381 /* GradualEffectTranisitionAnimation.m in Sources */ = {isa = PBXBuildFile; fileRef = 08C1DAE31E9B1C6B00820381 /* GradualEffectTranisitionAnimation.m */; };
		08C1DAE71E9B1FDF00820381 /* HomeCell.m in Sources */ = {isa = PBXBuildFile; fileRef = 08C1DAE61E9B1FDF00820381 /* HomeCell.m */; };
/* End PBXBuildFile section */

/* Begin PBXContainerItemProxy section */
		08C1DA8F1E9B145300820381 /* PBXContainerItemProxy */ = {
			isa = PBXContainerItemProxy;
			containerPortal = 08C1DA6D1E9B145200820381 /* Project object */;
			proxyType = 1;
			remoteGlobalIDString = 08C1DA741E9B145200820381;
			remoteInfo = GradualEffectTransitionAnimationDemo;
		};
		08C1DA9A1E9B145300820381 /* PBXContainerItemProxy */ = {
			isa = PBXContainerItemProxy;
			containerPortal = 08C1DA6D1E9B145200820381 /* Project object */;
			proxyType = 1;
			remoteGlobalIDString = 08C1DA741E9B145200820381;
			remoteInfo = GradualEffectTransitionAnimationDemo;
		};
/* End PBXContainerItemProxy section */

/* Begin PBXFileReference section */
		08057A6B1E9B235900F1B9B6 /* 01.jpeg */ = {isa = PBXFileReference; lastKnownFileType = image.jpeg; path = 01.jpeg; sourceTree = "<group>"; };
		08057A6D1E9B28C700F1B9B6 /* HomeViewController.h */ = {isa = PBXFileReference; fileEncoding = 4; lastKnownFileType = sourcecode.c.h; path = HomeViewController.h; sourceTree = "<group>"; };
		08057A6E1E9B28C700F1B9B6 /* HomeViewController.m */ = {isa = PBXFileReference; fileEncoding = 4; lastKnownFileType = sourcecode.c.objc; path = HomeViewController.m; sourceTree = "<group>"; };
		08057A701E9B2C6B00F1B9B6 /* SecondViewController.h */ = {isa = PBXFileReference; fileEncoding = 4; lastKnownFileType = sourcecode.c.h; path = SecondViewController.h; sourceTree = "<group>"; };
		08057A711E9B2C6B00F1B9B6 /* SecondViewController.m */ = {isa = PBXFileReference; fileEncoding = 4; lastKnownFileType = sourcecode.c.objc; path = SecondViewController.m; sourceTree = "<group>"; };
		08057A731E9B2CC700F1B9B6 /* SecondContentView.h */ = {isa = PBXFileReference; fileEncoding = 4; lastKnownFileType = sourcecode.c.h; path = SecondContentView.h; sourceTree = "<group>"; };
		08057A741E9B2CC700F1B9B6 /* SecondContentView.m */ = {isa = PBXFileReference; fileEncoding = 4; lastKnownFileType = sourcecode.c.objc; path = SecondContentView.m; sourceTree = "<group>"; };
		08C1DA751E9B145200820381 /* GradualEffectTransitionAnimationDemo.app */ = {isa = PBXFileReference; explicitFileType = wrapper.application; includeInIndex = 0; path = GradualEffectTransitionAnimationDemo.app; sourceTree = BUILT_PRODUCTS_DIR; };
		08C1DA7B1E9B145200820381 /* AppDelegate.h */ = {isa = PBXFileReference; lastKnownFileType = sourcecode.c.h; path = AppDelegate.h; sourceTree = "<group>"; };
		08C1DA7C1E9B145200820381 /* AppDelegate.m */ = {isa = PBXFileReference; lastKnownFileType = sourcecode.c.objc; path = AppDelegate.m; sourceTree = "<group>"; };
		08C1DA8E1E9B145300820381 /* GradualEffectTransitionAnimationDemoTests.xctest */ = {isa = PBXFileReference; explicitFileType = wrapper.cfbundle; includeInIndex = 0; path = GradualEffectTransitionAnimationDemoTests.xctest; sourceTree = BUILT_PRODUCTS_DIR; };
		08C1DA921E9B145300820381 /* GradualEffectTransitionAnimationDemoTests.m */ = {isa = PBXFileReference; lastKnownFileType = sourcecode.c.objc; path = GradualEffectTransitionAnimationDemoTests.m; sourceTree = "<group>"; };
		08C1DA941E9B145300820381 /* Info.plist */ = {isa = PBXFileReference; lastKnownFileType = text.plist.xml; path = Info.plist; sourceTree = "<group>"; };
		08C1DA991E9B145300820381 /* GradualEffectTransitionAnimationDemoUITests.xctest */ = {isa = PBXFileReference; explicitFileType = wrapper.cfbundle; includeInIndex = 0; path = GradualEffectTransitionAnimationDemoUITests.xctest; sourceTree = BUILT_PRODUCTS_DIR; };
		08C1DA9D1E9B145300820381 /* GradualEffectTransitionAnimationDemoUITests.m */ = {isa = PBXFileReference; lastKnownFileType = sourcecode.c.objc; path = GradualEffectTransitionAnimationDemoUITests.m; sourceTree = "<group>"; };
		08C1DA9F1E9B145300820381 /* Info.plist */ = {isa = PBXFileReference; lastKnownFileType = text.plist.xml; path = Info.plist; sourceTree = "<group>"; };
		08C1DAB71E9B15EB00820381 /* CommonViewController.h */ = {isa = PBXFileReference; fileEncoding = 4; lastKnownFileType = sourcecode.c.h; path = CommonViewController.h; sourceTree = "<group>"; };
		08C1DAB81E9B15EB00820381 /* CommonViewController.m */ = {isa = PBXFileReference; fileEncoding = 4; lastKnownFileType = sourcecode.c.objc; path = CommonViewController.m; sourceTree = "<group>"; };
		08C1DAB91E9B15EB00820381 /* PublicDefine.h */ = {isa = PBXFileReference; fileEncoding = 4; lastKnownFileType = sourcecode.c.h; path = PublicDefine.h; sourceTree = "<group>"; };
		08C1DABC1E9B15EB00820381 /* AutoLayoutObject.h */ = {isa = PBXFileReference; fileEncoding = 4; lastKnownFileType = sourcecode.c.h; path = AutoLayoutObject.h; sourceTree = "<group>"; };
		08C1DABD1E9B15EB00820381 /* AutoLayoutObject.m */ = {isa = PBXFileReference; fileEncoding = 4; lastKnownFileType = sourcecode.c.objc; path = AutoLayoutObject.m; sourceTree = "<group>"; };
		08C1DABE1E9B15EB00820381 /* UIView+AutoLayoutAttribute.h */ = {isa = PBXFileReference; fileEncoding = 4; lastKnownFileType = sourcecode.c.h; path = "UIView+AutoLayoutAttribute.h"; sourceTree = "<group>"; };
		08C1DABF1E9B15EB00820381 /* UIView+AutoLayoutAttribute.m */ = {isa = PBXFileReference; fileEncoding = 4; lastKnownFileType = sourcecode.c.objc; path = "UIView+AutoLayoutAttribute.m"; sourceTree = "<group>"; };
		08C1DAC01E9B15EB00820381 /* YWAutoLayout.h */ = {isa = PBXFileReference; fileEncoding = 4; lastKnownFileType = sourcecode.c.h; path = YWAutoLayout.h; sourceTree = "<group>"; };
		08C1DAC51E9B15EB00820381 /* Assets.xcassets */ = {isa = PBXFileReference; lastKnownFileType = folder.assetcatalog; path = Assets.xcassets; sourceTree = "<group>"; };
		08C1DAC71E9B15EB00820381 /* Base */ = {isa = PBXFileReference; lastKnownFileType = file.storyboard; name = Base; path = Base.lproj/LaunchScreen.storyboard; sourceTree = "<group>"; };
		08C1DAC91E9B15EB00820381 /* Base */ = {isa = PBXFileReference; lastKnownFileType = file.storyboard; name = Base; path = Base.lproj/Main.storyboard; sourceTree = "<group>"; };
		08C1DACA1E9B15EB00820381 /* Info.plist */ = {isa = PBXFileReference; fileEncoding = 4; lastKnownFileType = text.plist.xml; path = Info.plist; sourceTree = "<group>"; };
		08C1DACB1E9B15EB00820381 /* main.m */ = {isa = PBXFileReference; fileEncoding = 4; lastKnownFileType = sourcecode.c.objc; path = main.m; sourceTree = "<group>"; };
		08C1DACC1E9B15EB00820381 /* PrefixHeader.pch */ = {isa = PBXFileReference; fileEncoding = 4; lastKnownFileType = sourcecode.c.h; path = PrefixHeader.pch; sourceTree = "<group>"; };
		08C1DADF1E9B1C3900820381 /* CustomTransitionViewController.h */ = {isa = PBXFileReference; fileEncoding = 4; lastKnownFileType = sourcecode.c.h; path = CustomTransitionViewController.h; sourceTree = "<group>"; };
		08C1DAE01E9B1C3900820381 /* CustomTransitionViewController.m */ = {isa = PBXFileReference; fileEncoding = 4; lastKnownFileType = sourcecode.c.objc; path = CustomTransitionViewController.m; sourceTree = "<group>"; };
		08C1DAE21E9B1C6B00820381 /* GradualEffectTranisitionAnimation.h */ = {isa = PBXFileReference; fileEncoding = 4; lastKnownFileType = sourcecode.c.h; path = GradualEffectTranisitionAnimation.h; sourceTree = "<group>"; };
		08C1DAE31E9B1C6B00820381 /* GradualEffectTranisitionAnimation.m */ = {isa = PBXFileReference; fileEncoding = 4; lastKnownFileType = sourcecode.c.objc; path = GradualEffectTranisitionAnimation.m; sourceTree = "<group>"; };
		08C1DAE51E9B1FDF00820381 /* HomeCell.h */ = {isa = PBXFileReference; fileEncoding = 4; lastKnownFileType = sourcecode.c.h; path = HomeCell.h; sourceTree = "<group>"; };
		08C1DAE61E9B1FDF00820381 /* HomeCell.m */ = {isa = PBXFileReference; fileEncoding = 4; lastKnownFileType = sourcecode.c.objc; path = HomeCell.m; sourceTree = "<group>"; };
/* End PBXFileReference section */

/* Begin PBXFrameworksBuildPhase section */
		08C1DA721E9B145200820381 /* Frameworks */ = {
			isa = PBXFrameworksBuildPhase;
			buildActionMask = 2147483647;
			files = (
			);
			runOnlyForDeploymentPostprocessing = 0;
		};
		08C1DA8B1E9B145300820381 /* Frameworks */ = {
			isa = PBXFrameworksBuildPhase;
			buildActionMask = 2147483647;
			files = (
			);
			runOnlyForDeploymentPostprocessing = 0;
		};
		08C1DA961E9B145300820381 /* Frameworks */ = {
			isa = PBXFrameworksBuildPhase;
			buildActionMask = 2147483647;
			files = (
			);
			runOnlyForDeploymentPostprocessing = 0;
		};
/* End PBXFrameworksBuildPhase section */

/* Begin PBXGroup section */
		08C1DA6C1E9B145200820381 = {
			isa = PBXGroup;
			children = (
				08C1DA771E9B145200820381 /* GradualEffectTransitionAnimationDemo */,
				08C1DA911E9B145300820381 /* GradualEffectTransitionAnimationDemoTests */,
				08C1DA9C1E9B145300820381 /* GradualEffectTransitionAnimationDemoUITests */,
				08C1DA761E9B145200820381 /* Products */,
			);
			sourceTree = "<group>";
		};
		08C1DA761E9B145200820381 /* Products */ = {
			isa = PBXGroup;
			children = (
				08C1DA751E9B145200820381 /* GradualEffectTransitionAnimationDemo.app */,
				08C1DA8E1E9B145300820381 /* GradualEffectTransitionAnimationDemoTests.xctest */,
				08C1DA991E9B145300820381 /* GradualEffectTransitionAnimationDemoUITests.xctest */,
			);
			name = Products;
			sourceTree = "<group>";
		};
		08C1DA771E9B145200820381 /* GradualEffectTransitionAnimationDemo */ = {
			isa = PBXGroup;
			children = (
				08C1DAAB1E9B15EB00820381 /* Function */,
				08C1DAB51E9B15EB00820381 /* Public */,
				08C1DAC41E9B15EB00820381 /* Supporting Files */,
				08C1DA7B1E9B145200820381 /* AppDelegate.h */,
				08C1DA7C1E9B145200820381 /* AppDelegate.m */,
			);
			path = GradualEffectTransitionAnimationDemo;
			sourceTree = "<group>";
		};
		08C1DA911E9B145300820381 /* GradualEffectTransitionAnimationDemoTests */ = {
			isa = PBXGroup;
			children = (
				08C1DA921E9B145300820381 /* GradualEffectTransitionAnimationDemoTests.m */,
				08C1DA941E9B145300820381 /* Info.plist */,
			);
			path = GradualEffectTransitionAnimationDemoTests;
			sourceTree = "<group>";
		};
		08C1DA9C1E9B145300820381 /* GradualEffectTransitionAnimationDemoUITests */ = {
			isa = PBXGroup;
			children = (
				08C1DA9D1E9B145300820381 /* GradualEffectTransitionAnimationDemoUITests.m */,
				08C1DA9F1E9B145300820381 /* Info.plist */,
			);
			path = GradualEffectTransitionAnimationDemoUITests;
			sourceTree = "<group>";
		};
		08C1DAAB1E9B15EB00820381 /* Function */ = {
			isa = PBXGroup;
			children = (
				08C1DAAC1E9B15EB00820381 /* Home */,
			);
			path = Function;
			sourceTree = "<group>";
		};
		08C1DAAC1E9B15EB00820381 /* Home */ = {
			isa = PBXGroup;
			children = (
				08C1DAAD1E9B15EB00820381 /* CHome */,
				08C1DAB01E9B15EB00820381 /* MHome */,
				08C1DAB11E9B15EB00820381 /* RHome */,
				08C1DAB21E9B15EB00820381 /* VHome */,
			);
			path = Home;
			sourceTree = "<group>";
		};
		08C1DAAD1E9B15EB00820381 /* CHome */ = {
			isa = PBXGroup;
			children = (
				08057A6D1E9B28C700F1B9B6 /* HomeViewController.h */,
				08057A6E1E9B28C700F1B9B6 /* HomeViewController.m */,
				08C1DADE1E9B1C3900820381 /* CustomTranistion */,
				08057A701E9B2C6B00F1B9B6 /* SecondViewController.h */,
				08057A711E9B2C6B00F1B9B6 /* SecondViewController.m */,
			);
			path = CHome;
			sourceTree = "<group>";
		};
		08C1DAB01E9B15EB00820381 /* MHome */ = {
			isa = PBXGroup;
			children = (
			);
			path = MHome;
			sourceTree = "<group>";
		};
		08C1DAB11E9B15EB00820381 /* RHome */ = {
			isa = PBXGroup;
			children = (
				08057A6B1E9B235900F1B9B6 /* 01.jpeg */,
			);
			path = RHome;
			sourceTree = "<group>";
		};
		08C1DAB21E9B15EB00820381 /* VHome */ = {
			isa = PBXGroup;
			children = (
				08C1DAE51E9B1FDF00820381 /* HomeCell.h */,
				08C1DAE61E9B1FDF00820381 /* HomeCell.m */,
				08057A731E9B2CC700F1B9B6 /* SecondContentView.h */,
				08057A741E9B2CC700F1B9B6 /* SecondContentView.m */,
			);
			path = VHome;
			sourceTree = "<group>";
		};
		08C1DAB51E9B15EB00820381 /* Public */ = {
			isa = PBXGroup;
			children = (
				08C1DAB61E9B15EB00820381 /* PublicCommon */,
				08C1DABA1E9B15EB00820381 /* PublicFunction */,
			);
			path = Public;
			sourceTree = "<group>";
		};
		08C1DAB61E9B15EB00820381 /* PublicCommon */ = {
			isa = PBXGroup;
			children = (
				08C1DAB71E9B15EB00820381 /* CommonViewController.h */,
				08C1DAB81E9B15EB00820381 /* CommonViewController.m */,
				08C1DAB91E9B15EB00820381 /* PublicDefine.h */,
			);
			path = PublicCommon;
			sourceTree = "<group>";
		};
		08C1DABA1E9B15EB00820381 /* PublicFunction */ = {
			isa = PBXGroup;
			children = (
				08C1DABB1E9B15EB00820381 /* YWAutoLayout */,
			);
			path = PublicFunction;
			sourceTree = "<group>";
		};
		08C1DABB1E9B15EB00820381 /* YWAutoLayout */ = {
			isa = PBXGroup;
			children = (
				08C1DABC1E9B15EB00820381 /* AutoLayoutObject.h */,
				08C1DABD1E9B15EB00820381 /* AutoLayoutObject.m */,
				08C1DABE1E9B15EB00820381 /* UIView+AutoLayoutAttribute.h */,
				08C1DABF1E9B15EB00820381 /* UIView+AutoLayoutAttribute.m */,
				08C1DAC01E9B15EB00820381 /* YWAutoLayout.h */,
			);
			path = YWAutoLayout;
			sourceTree = "<group>";
		};
		08C1DAC41E9B15EB00820381 /* Supporting Files */ = {
			isa = PBXGroup;
			children = (
				08C1DAC51E9B15EB00820381 /* Assets.xcassets */,
				08C1DAC61E9B15EB00820381 /* LaunchScreen.storyboard */,
				08C1DAC81E9B15EB00820381 /* Main.storyboard */,
				08C1DACA1E9B15EB00820381 /* Info.plist */,
				08C1DACB1E9B15EB00820381 /* main.m */,
				08C1DACC1E9B15EB00820381 /* PrefixHeader.pch */,
			);
			path = "Supporting Files";
			sourceTree = "<group>";
		};
		08C1DADE1E9B1C3900820381 /* CustomTranistion */ = {
			isa = PBXGroup;
			children = (
				08C1DADF1E9B1C3900820381 /* CustomTransitionViewController.h */,
				08C1DAE01E9B1C3900820381 /* CustomTransitionViewController.m */,
				08C1DAE21E9B1C6B00820381 /* GradualEffectTranisitionAnimation.h */,
				08C1DAE31E9B1C6B00820381 /* GradualEffectTranisitionAnimation.m */,
			);
			path = CustomTranistion;
			sourceTree = "<group>";
		};
/* End PBXGroup section */

/* Begin PBXNativeTarget section */
		08C1DA741E9B145200820381 /* GradualEffectTransitionAnimationDemo */ = {
			isa = PBXNativeTarget;
			buildConfigurationList = 08C1DAA21E9B145300820381 /* Build configuration list for PBXNativeTarget "GradualEffectTransitionAnimationDemo" */;
			buildPhases = (
				08C1DA711E9B145200820381 /* Sources */,
				08C1DA721E9B145200820381 /* Frameworks */,
				08C1DA731E9B145200820381 /* Resources */,
			);
			buildRules = (
			);
			dependencies = (
			);
			name = GradualEffectTransitionAnimationDemo;
			productName = GradualEffectTransitionAnimationDemo;
			productReference = 08C1DA751E9B145200820381 /* GradualEffectTransitionAnimationDemo.app */;
			productType = "com.apple.product-type.application";
		};
		08C1DA8D1E9B145300820381 /* GradualEffectTransitionAnimationDemoTests */ = {
			isa = PBXNativeTarget;
			buildConfigurationList = 08C1DAA51E9B145300820381 /* Build configuration list for PBXNativeTarget "GradualEffectTransitionAnimationDemoTests" */;
			buildPhases = (
				08C1DA8A1E9B145300820381 /* Sources */,
				08C1DA8B1E9B145300820381 /* Frameworks */,
				08C1DA8C1E9B145300820381 /* Resources */,
			);
			buildRules = (
			);
			dependencies = (
				08C1DA901E9B145300820381 /* PBXTargetDependency */,
			);
			name = GradualEffectTransitionAnimationDemoTests;
			productName = GradualEffectTransitionAnimationDemoTests;
			productReference = 08C1DA8E1E9B145300820381 /* GradualEffectTransitionAnimationDemoTests.xctest */;
			productType = "com.apple.product-type.bundle.unit-test";
		};
		08C1DA981E9B145300820381 /* GradualEffectTransitionAnimationDemoUITests */ = {
			isa = PBXNativeTarget;
			buildConfigurationList = 08C1DAA81E9B145300820381 /* Build configuration list for PBXNativeTarget "GradualEffectTransitionAnimationDemoUITests" */;
			buildPhases = (
				08C1DA951E9B145300820381 /* Sources */,
				08C1DA961E9B145300820381 /* Frameworks */,
				08C1DA971E9B145300820381 /* Resources */,
			);
			buildRules = (
			);
			dependencies = (
				08C1DA9B1E9B145300820381 /* PBXTargetDependency */,
			);
			name = GradualEffectTransitionAnimationDemoUITests;
			productName = GradualEffectTransitionAnimationDemoUITests;
			productReference = 08C1DA991E9B145300820381 /* GradualEffectTransitionAnimationDemoUITests.xctest */;
			productType = "com.apple.product-type.bundle.ui-testing";
		};
/* End PBXNativeTarget section */

/* Begin PBXProject section */
		08C1DA6D1E9B145200820381 /* Project object */ = {
			isa = PBXProject;
			attributes = {
				LastUpgradeCheck = 0810;
				ORGANIZATIONNAME = wyw;
				TargetAttributes = {
					08C1DA741E9B145200820381 = {
						CreatedOnToolsVersion = 8.1;
						ProvisioningStyle = Automatic;
					};
					08C1DA8D1E9B145300820381 = {
						CreatedOnToolsVersion = 8.1;
						ProvisioningStyle = Automatic;
						TestTargetID = 08C1DA741E9B145200820381;
					};
					08C1DA981E9B145300820381 = {
						CreatedOnToolsVersion = 8.1;
						ProvisioningStyle = Automatic;
						TestTargetID = 08C1DA741E9B145200820381;
					};
				};
			};
			buildConfigurationList = 08C1DA701E9B145200820381 /* Build configuration list for PBXProject "GradualEffectTransitionAnimationDemo" */;
			compatibilityVersion = "Xcode 3.2";
			developmentRegion = English;
			hasScannedForEncodings = 0;
			knownRegions = (
				en,
				Base,
			);
			mainGroup = 08C1DA6C1E9B145200820381;
			productRefGroup = 08C1DA761E9B145200820381 /* Products */;
			projectDirPath = "";
			projectRoot = "";
			targets = (
				08C1DA741E9B145200820381 /* GradualEffectTransitionAnimationDemo */,
				08C1DA8D1E9B145300820381 /* GradualEffectTransitionAnimationDemoTests */,
				08C1DA981E9B145300820381 /* GradualEffectTransitionAnimationDemoUITests */,
			);
		};
/* End PBXProject section */

/* Begin PBXResourcesBuildPhase section */
		08C1DA731E9B145200820381 /* Resources */ = {
			isa = PBXResourcesBuildPhase;
			buildActionMask = 2147483647;
			files = (
				08C1DAD51E9B15EB00820381 /* Main.storyboard in Resources */,
				08C1DAD61E9B15EB00820381 /* Info.plist in Resources */,
				08C1DAD41E9B15EB00820381 /* LaunchScreen.storyboard in Resources */,
				08057A6C1E9B235900F1B9B6 /* 01.jpeg in Resources */,
				08C1DAD31E9B15EB00820381 /* Assets.xcassets in Resources */,
			);
			runOnlyForDeploymentPostprocessing = 0;
		};
		08C1DA8C1E9B145300820381 /* Resources */ = {
			isa = PBXResourcesBuildPhase;
			buildActionMask = 2147483647;
			files = (
			);
			runOnlyForDeploymentPostprocessing = 0;
		};
		08C1DA971E9B145300820381 /* Resources */ = {
			isa = PBXResourcesBuildPhase;
			buildActionMask = 2147483647;
			files = (
			);
			runOnlyForDeploymentPostprocessing = 0;
		};
/* End PBXResourcesBuildPhase section */

/* Begin PBXSourcesBuildPhase section */
		08C1DA711E9B145200820381 /* Sources */ = {
			isa = PBXSourcesBuildPhase;
			buildActionMask = 2147483647;
			files = (
				08057A721E9B2C6B00F1B9B6 /* SecondViewController.m in Sources */,
				08057A751E9B2CC700F1B9B6 /* SecondContentView.m in Sources */,
				08C1DA7D1E9B145200820381 /* AppDelegate.m in Sources */,
				08C1DAD01E9B15EB00820381 /* AutoLayoutObject.m in Sources */,
				08C1DACF1E9B15EB00820381 /* CommonViewController.m in Sources */,
				08C1DAE71E9B1FDF00820381 /* HomeCell.m in Sources */,
				08C1DAD71E9B15EB00820381 /* main.m in Sources */,
				08057A6F1E9B28C700F1B9B6 /* HomeViewController.m in Sources */,
				08C1DAE11E9B1C3900820381 /* CustomTransitionViewController.m in Sources */,
				08C1DAD11E9B15EB00820381 /* UIView+AutoLayoutAttribute.m in Sources */,
				08C1DAE41E9B1C6B00820381 /* GradualEffectTranisitionAnimation.m in Sources */,
			);
			runOnlyForDeploymentPostprocessing = 0;
		};
		08C1DA8A1E9B145300820381 /* Sources */ = {
			isa = PBXSourcesBuildPhase;
			buildActionMask = 2147483647;
			files = (
				08C1DA931E9B145300820381 /* GradualEffectTransitionAnimationDemoTests.m in Sources */,
			);
			runOnlyForDeploymentPostprocessing = 0;
		};
		08C1DA951E9B145300820381 /* Sources */ = {
			isa = PBXSourcesBuildPhase;
			buildActionMask = 2147483647;
			files = (
				08C1DA9E1E9B145300820381 /* GradualEffectTransitionAnimationDemoUITests.m in Sources */,
			);
			runOnlyForDeploymentPostprocessing = 0;
		};
/* End PBXSourcesBuildPhase section */

/* Begin PBXTargetDependency section */
		08C1DA901E9B145300820381 /* PBXTargetDependency */ = {
			isa = PBXTargetDependency;
			target = 08C1DA741E9B145200820381 /* GradualEffectTransitionAnimationDemo */;
			targetProxy = 08C1DA8F1E9B145300820381 /* PBXContainerItemProxy */;
		};
		08C1DA9B1E9B145300820381 /* PBXTargetDependency */ = {
			isa = PBXTargetDependency;
			target = 08C1DA741E9B145200820381 /* GradualEffectTransitionAnimationDemo */;
			targetProxy = 08C1DA9A1E9B145300820381 /* PBXContainerItemProxy */;
		};
/* End PBXTargetDependency section */

/* Begin PBXVariantGroup section */
		08C1DAC61E9B15EB00820381 /* LaunchScreen.storyboard */ = {
			isa = PBXVariantGroup;
			children = (
				08C1DAC71E9B15EB00820381 /* Base */,
			);
			name = LaunchScreen.storyboard;
			sourceTree = "<group>";
		};
		08C1DAC81E9B15EB00820381 /* Main.storyboard */ = {
			isa = PBXVariantGroup;
			children = (
				08C1DAC91E9B15EB00820381 /* Base */,
			);
			name = Main.storyboard;
			sourceTree = "<group>";
		};
/* End PBXVariantGroup section */

/* Begin XCBuildConfiguration section */
		08C1DAA01E9B145300820381 /* Debug */ = {
			isa = XCBuildConfiguration;
			buildSettings = {
				ALWAYS_SEARCH_USER_PATHS = NO;
				CLANG_ANALYZER_NONNULL = YES;
				CLANG_CXX_LANGUAGE_STANDARD = "gnu++0x";
				CLANG_CXX_LIBRARY = "libc++";
				CLANG_ENABLE_MODULES = YES;
				CLANG_ENABLE_OBJC_ARC = YES;
				CLANG_WARN_BOOL_CONVERSION = YES;
				CLANG_WARN_CONSTANT_CONVERSION = YES;
				CLANG_WARN_DIRECT_OBJC_ISA_USAGE = YES_ERROR;
				CLANG_WARN_DOCUMENTATION_COMMENTS = YES;
				CLANG_WARN_EMPTY_BODY = YES;
				CLANG_WARN_ENUM_CONVERSION = YES;
				CLANG_WARN_INFINITE_RECURSION = YES;
				CLANG_WARN_INT_CONVERSION = YES;
				CLANG_WARN_OBJC_ROOT_CLASS = YES_ERROR;
				CLANG_WARN_SUSPICIOUS_MOVES = YES;
				CLANG_WARN_UNREACHABLE_CODE = YES;
				CLANG_WARN__DUPLICATE_METHOD_MATCH = YES;
				"CODE_SIGN_IDENTITY[sdk=iphoneos*]" = "iPhone Developer";
				COPY_PHASE_STRIP = NO;
				DEBUG_INFORMATION_FORMAT = dwarf;
				ENABLE_STRICT_OBJC_MSGSEND = YES;
				ENABLE_TESTABILITY = YES;
				GCC_C_LANGUAGE_STANDARD = gnu99;
				GCC_DYNAMIC_NO_PIC = NO;
				GCC_NO_COMMON_BLOCKS = YES;
				GCC_OPTIMIZATION_LEVEL = 0;
				GCC_PREPROCESSOR_DEFINITIONS = (
					"DEBUG=1",
					"$(inherited)",
				);
				GCC_WARN_64_TO_32_BIT_CONVERSION = YES;
				GCC_WARN_ABOUT_RETURN_TYPE = YES_ERROR;
				GCC_WARN_UNDECLARED_SELECTOR = YES;
				GCC_WARN_UNINITIALIZED_AUTOS = YES_AGGRESSIVE;
				GCC_WARN_UNUSED_FUNCTION = YES;
				GCC_WARN_UNUSED_VARIABLE = YES;
				IPHONEOS_DEPLOYMENT_TARGET = 10.1;
				MTL_ENABLE_DEBUG_INFO = YES;
				ONLY_ACTIVE_ARCH = YES;
				SDKROOT = iphoneos;
			};
			name = Debug;
		};
		08C1DAA11E9B145300820381 /* Release */ = {
			isa = XCBuildConfiguration;
			buildSettings = {
				ALWAYS_SEARCH_USER_PATHS = NO;
				CLANG_ANALYZER_NONNULL = YES;
				CLANG_CXX_LANGUAGE_STANDARD = "gnu++0x";
				CLANG_CXX_LIBRARY = "libc++";
				CLANG_ENABLE_MODULES = YES;
				CLANG_ENABLE_OBJC_ARC = YES;
				CLANG_WARN_BOOL_CONVERSION = YES;
				CLANG_WARN_CONSTANT_CONVERSION = YES;
				CLANG_WARN_DIRECT_OBJC_ISA_USAGE = YES_ERROR;
				CLANG_WARN_DOCUMENTATION_COMMENTS = YES;
				CLANG_WARN_EMPTY_BODY = YES;
				CLANG_WARN_ENUM_CONVERSION = YES;
				CLANG_WARN_INFINITE_RECURSION = YES;
				CLANG_WARN_INT_CONVERSION = YES;
				CLANG_WARN_OBJC_ROOT_CLASS = YES_ERROR;
				CLANG_WARN_SUSPICIOUS_MOVES = YES;
				CLANG_WARN_UNREACHABLE_CODE = YES;
				CLANG_WARN__DUPLICATE_METHOD_MATCH = YES;
				"CODE_SIGN_IDENTITY[sdk=iphoneos*]" = "iPhone Developer";
				COPY_PHASE_STRIP = NO;
				DEBUG_INFORMATION_FORMAT = "dwarf-with-dsym";
				ENABLE_NS_ASSERTIONS = NO;
				ENABLE_STRICT_OBJC_MSGSEND = YES;
				GCC_C_LANGUAGE_STANDARD = gnu99;
				GCC_NO_COMMON_BLOCKS = YES;
				GCC_WARN_64_TO_32_BIT_CONVERSION = YES;
				GCC_WARN_ABOUT_RETURN_TYPE = YES_ERROR;
				GCC_WARN_UNDECLARED_SELECTOR = YES;
				GCC_WARN_UNINITIALIZED_AUTOS = YES_AGGRESSIVE;
				GCC_WARN_UNUSED_FUNCTION = YES;
				GCC_WARN_UNUSED_VARIABLE = YES;
				IPHONEOS_DEPLOYMENT_TARGET = 10.1;
				MTL_ENABLE_DEBUG_INFO = NO;
				SDKROOT = iphoneos;
				VALIDATE_PRODUCT = YES;
			};
			name = Release;
		};
		08C1DAA31E9B145300820381 /* Debug */ = {
			isa = XCBuildConfiguration;
			buildSettings = {
				ASSETCATALOG_COMPILER_APPICON_NAME = AppIcon;
				GCC_PRECOMPILE_PREFIX_HEADER = YES;
				GCC_PREFIX_HEADER = "/Users/wangyawen/Documents/wang66_GitHub/GradualEffectTransitionAnimationDemo/GradualEffectTransitionAnimationDemo/Supporting Files/PrefixHeader.pch";
				INFOPLIST_FILE = "/Users/wangyawen/Documents/wang66_GitHub/GradualEffectTransitionAnimationDemo/GradualEffectTransitionAnimationDemo/Supporting Files/Info.plist";
				LD_RUNPATH_SEARCH_PATHS = "$(inherited) @executable_path/Frameworks";
				PRODUCT_BUNDLE_IDENTIFIER = wyw.GradualEffectTransitionAnimationDemo;
				PRODUCT_NAME = "$(TARGET_NAME)";
			};
			name = Debug;
		};
		08C1DAA41E9B145300820381 /* Release */ = {
			isa = XCBuildConfiguration;
			buildSettings = {
				ASSETCATALOG_COMPILER_APPICON_NAME = AppIcon;
				GCC_PRECOMPILE_PREFIX_HEADER = YES;
				GCC_PREFIX_HEADER = "/Users/wangyawen/Documents/wang66_GitHub/GradualEffectTransitionAnimationDemo/GradualEffectTransitionAnimationDemo/Supporting Files/PrefixHeader.pch";
				INFOPLIST_FILE = "/Users/wangyawen/Documents/wang66_GitHub/GradualEffectTransitionAnimationDemo/GradualEffectTransitionAnimationDemo/Supporting Files/Info.plist";
				LD_RUNPATH_SEARCH_PATHS = "$(inherited) @executable_path/Frameworks";
				PRODUCT_BUNDLE_IDENTIFIER = wyw.GradualEffectTransitionAnimationDemo;
				PRODUCT_NAME = "$(TARGET_NAME)";
			};
			name = Release;
		};
		08C1DAA61E9B145300820381 /* Debug */ = {
			isa = XCBuildConfiguration;
			buildSettings = {
				BUNDLE_LOADER = "$(TEST_HOST)";
				INFOPLIST_FILE = GradualEffectTransitionAnimationDemoTests/Info.plist;
				LD_RUNPATH_SEARCH_PATHS = "$(inherited) @executable_path/Frameworks @loader_path/Frameworks";
				PRODUCT_BUNDLE_IDENTIFIER = wyw.GradualEffectTransitionAnimationDemoTests;
				PRODUCT_NAME = "$(TARGET_NAME)";
				TEST_HOST = "$(BUILT_PRODUCTS_DIR)/GradualEffectTransitionAnimationDemo.app/GradualEffectTransitionAnimationDemo";
			};
			name = Debug;
		};
		08C1DAA71E9B145300820381 /* Release */ = {
			isa = XCBuildConfiguration;
			buildSettings = {
				BUNDLE_LOADER = "$(TEST_HOST)";
				INFOPLIST_FILE = GradualEffectTransitionAnimationDemoTests/Info.plist;
				LD_RUNPATH_SEARCH_PATHS = "$(inherited) @executable_path/Frameworks @loader_path/Frameworks";
				PRODUCT_BUNDLE_IDENTIFIER = wyw.GradualEffectTransitionAnimationDemoTests;
				PRODUCT_NAME = "$(TARGET_NAME)";
				TEST_HOST = "$(BUILT_PRODUCTS_DIR)/GradualEffectTransitionAnimationDemo.app/GradualEffectTransitionAnimationDemo";
			};
			name = Release;
		};
		08C1DAA91E9B145300820381 /* Debug */ = {
			isa = XCBuildConfiguration;
			buildSettings = {
				INFOPLIST_FILE = GradualEffectTransitionAnimationDemoUITests/Info.plist;
				LD_RUNPATH_SEARCH_PATHS = "$(inherited) @executable_path/Frameworks @loader_path/Frameworks";
				PRODUCT_BUNDLE_IDENTIFIER = wyw.GradualEffectTransitionAnimationDemoUITests;
				PRODUCT_NAME = "$(TARGET_NAME)";
				TEST_TARGET_NAME = GradualEffectTransitionAnimationDemo;
			};
			name = Debug;
		};
		08C1DAAA1E9B145300820381 /* Release */ = {
			isa = XCBuildConfiguration;
			buildSettings = {
				INFOPLIST_FILE = GradualEffectTransitionAnimationDemoUITests/Info.plist;
				LD_RUNPATH_SEARCH_PATHS = "$(inherited) @executable_path/Frameworks @loader_path/Frameworks";
				PRODUCT_BUNDLE_IDENTIFIER = wyw.GradualEffectTransitionAnimationDemoUITests;
				PRODUCT_NAME = "$(TARGET_NAME)";
				TEST_TARGET_NAME = GradualEffectTransitionAnimationDemo;
			};
			name = Release;
		};
/* End XCBuildConfiguration section */

/* Begin XCConfigurationList section */
		08C1DA701E9B145200820381 /* Build configuration list for PBXProject "GradualEffectTransitionAnimationDemo" */ = {
			isa = XCConfigurationList;
			buildConfigurations = (
				08C1DAA01E9B145300820381 /* Debug */,
				08C1DAA11E9B145300820381 /* Release */,
			);
			defaultConfigurationIsVisible = 0;
			defaultConfigurationName = Release;
		};
		08C1DAA21E9B145300820381 /* Build configuration list for PBXNativeTarget "GradualEffectTransitionAnimationDemo" */ = {
			isa = XCConfigurationList;
			buildConfigurations = (
				08C1DAA31E9B145300820381 /* Debug */,
				08C1DAA41E9B145300820381 /* Release */,
			);
			defaultConfigurationIsVisible = 0;
			defaultConfigurationName = Release;
		};
		08C1DAA51E9B145300820381 /* Build configuration list for PBXNativeTarget "GradualEffectTransitionAnimationDemoTests" */ = {
			isa = XCConfigurationList;
			buildConfigurations = (
				08C1DAA61E9B145300820381 /* Debug */,
				08C1DAA71E9B145300820381 /* Release */,
			);
			defaultConfigurationIsVisible = 0;
			defaultConfigurationName = Release;
		};
		08C1DAA81E9B145300820381 /* Build configuration list for PBXNativeTarget "GradualEffectTransitionAnimationDemoUITests" */ = {
			isa = XCConfigurationList;
			buildConfigurations = (
				08C1DAA91E9B145300820381 /* Debug */,
				08C1DAAA1E9B145300820381 /* Release */,
			);
			defaultConfigurationIsVisible = 0;
			defaultConfigurationName = Release;
		};
/* End XCConfigurationList section */
	};
	rootObject = 08C1DA6D1E9B145200820381 /* Project object */;
}
